
Microsoft Visual Studio Solution File, Format Version 12.00
# Visual Studio 15
VisualStudioVersion = 15.0.28010.2036
MinimumVisualStudioVersion = 10.0.40219.1
Project("{8BC9CEB8-8B4A-11D0-8D11-00A0C91BC942}") = "Simulation-Visualizer", "Simulation-Visualizer\Simulation-Visualizer.vcxproj", "{94F9FE1B-ADFE-4BA0-95A2-521958076107}"
	ProjectSection(ProjectDependencies) = postProject
		{6F6451F3-3812-41CC-9040-14CF5032F6C9} = {6F6451F3-3812-41CC-9040-14CF5032F6C9}
	EndProjectSection
EndProject
Project("{8BC9CEB8-8B4A-11D0-8D11-00A0C91BC942}") = "GLFW", "GLFW\GLFW.vcxproj", "{6F6451F3-3812-41CC-9040-14CF5032F6C9}"
EndProject
Global
	GlobalSection(SolutionConfigurationPlatforms) = preSolution
		Debug|x64 = Debug|x64
		Debug|x86 = Debug|x86
		Release|x64 = Release|x64
		Release|x86 = Release|x86
	EndGlobalSection
	GlobalSection(ProjectConfigurationPlatforms) = postSolution
		{94F9FE1B-ADFE-4BA0-95A2-521958076107}.Debug|x64.ActiveCfg = Debug|x64
		{94F9FE1B-ADFE-4BA0-95A2-521958076107}.Debug|x64.Build.0 = Debug|x64
		{94F9FE1B-ADFE-4BA0-95A2-521958076107}.Debug|x86.ActiveCfg = Debug|Win32
		{94F9FE1B-ADFE-4BA0-95A2-521958076107}.Debug|x86.Build.0 = Debug|Win32
		{94F9FE1B-ADFE-4BA0-95A2-521958076107}.Release|x64.ActiveCfg = Release|x64
		{94F9FE1B-ADFE-4BA0-95A2-521958076107}.Release|x64.Build.0 = Release|x64
		{94F9FE1B-ADFE-4BA0-95A2-521958076107}.Release|x86.ActiveCfg = Release|Win32
		{94F9FE1B-ADFE-4BA0-95A2-521958076107}.Release|x86.Build.0 = Release|Win32
		{6F6451F3-3812-41CC-9040-14CF5032F6C9}.Debug|x64.ActiveCfg = Debug|x64
		{6F6451F3-3812-41CC-9040-14CF5032F6C9}.Debug|x64.Build.0 = Debug|x64
		{6F6451F3-3812-41CC-9040-14CF5032F6C9}.Debug|x86.ActiveCfg = Debug|Win32
		{6F6451F3-3812-41CC-9040-14CF5032F6C9}.Debug|x86.Build.0 = Debug|Win32
		{6F6451F3-3812-41CC-9040-14CF5032F6C9}.Release|x64.ActiveCfg = Release|x64
		{6F6451F3-3812-41CC-9040-14CF5032F6C9}.Release|x64.Build.0 = Release|x64
		{6F6451F3-3812-41CC-9040-14CF5032F6C9}.Release|x86.ActiveCfg = Release|Win32
		{6F6451F3-3812-41CC-9040-14CF5032F6C9}.Release|x86.Build.0 = Release|Win32
	EndGlobalSection
	GlobalSection(SolutionProperties) = preSolution
		HideSolutionNode = FALSE
	EndGlobalSection
	GlobalSection(ExtensibilityGlobals) = postSolution
		SolutionGuid = {6BEBA1FD-67B6-4539-BA84-7724CF4D7311}
	EndGlobalSection
EndGlobal
